{
  "name": "casino-main",
  "version": "1.0.0",
  "lockfileVersion": 3,
  "requires": true,
  "packages": {
    "": {
      "name": "casino-main",
      "version": "1.0.0",
      "license": "ISC",
      "dependencies": {
        "casino-lib": "file:../casino-lib"
      }
    },
    "../casino-lib": {
      "version": "1.0.0",
      "license": "MIT"
    },
    "node_modules/casino-lib": {
      "resolved": "../casino-lib",
      "link": true
    }
  }
}
